
Microsoft Visual Studio Solution File, Format Version 12.00
# Visual Studio Version 16
VisualStudioVersion = 16.0.31624.102
MinimumVisualStudioVersion = 10.0.40219.1
Project("{FAE04EC0-301F-11D3-BF4B-00C04F79EFBC}") = "Zadanie2", "Zadanie2.csproj", "{291CDB00-3713-4431-876D-A93F6F4F3B33}"
EndProject
Global
	GlobalSection(SolutionConfigurationPlatforms) = preSolution
		Debug|Any CPU = Debug|Any CPU
		Release|Any CPU = Release|Any CPU
	EndGlobalSection
	GlobalSection(ProjectConfigurationPlatforms) = postSolution
		{291CDB00-3713-4431-876D-A93F6F4F3B33}.Debug|Any CPU.ActiveCfg = Debug|Any CPU
		{291CDB00-3713-4431-876D-A93F6F4F3B33}.Debug|Any CPU.Build.0 = Debug|Any CPU
		{291CDB00-3713-4431-876D-A93F6F4F3B33}.Release|Any CPU.ActiveCfg = Release|Any CPU
		{291CDB00-3713-4431-876D-A93F6F4F3B33}.Release|Any CPU.Build.0 = Release|Any CPU
	EndGlobalSection
	GlobalSection(SolutionProperties) = preSolution
		HideSolutionNode = FALSE
	EndGlobalSection
	GlobalSection(ExtensibilityGlobals) = postSolution
		SolutionGuid = {0E6F634A-29F9-4EB8-8DFB-9335E265F8D6}
	EndGlobalSection
EndGlobal
